
Microsoft Visual Studio Solution File, Format Version 12.00
# Visual Studio 14
VisualStudioVersion = 14.0.25420.1
MinimumVisualStudioVersion = 10.0.40219.1
Project("{8BC9CEB8-8B4A-11D0-8D11-00A0C91BC942}") = "DQ.User.Manager", "DQ.User.Manager\DQ.User.Manager.vcxproj", "{E2407D4B-B13F-4350-8E93-A662F8BAF562}"
	ProjectSection(ProjectDependencies) = postProject
		{2EE70727-A21B-401A-A5B9-034D2FC55222} = {2EE70727-A21B-401A-A5B9-034D2FC55222}
	EndProjectSection
EndProject
Project("{FAE04EC0-301F-11D3-BF4B-00C04F79EFBC}") = "DQ.OD.ADService", "DQ.OD.ADService\DQ.OD.ADService.csproj", "{0542C045-31CB-4C0C-BBFB-8B4EFBC76609}"
EndProject
Project("{8BC9CEB8-8B4A-11D0-8D11-00A0C91BC942}") = "DQ.OD.DBMediator", "DQ.OD.DBMediator\DQ.OD.DBMediator.vcxproj", "{2EE70727-A21B-401A-A5B9-034D2FC55222}"
	ProjectSection(ProjectDependencies) = postProject
		{BA57E7D7-24B5-4549-8B6A-BEF9D93667E0} = {BA57E7D7-24B5-4549-8B6A-BEF9D93667E0}
	EndProjectSection
EndProject
Project("{FAE04EC0-301F-11D3-BF4B-00C04F79EFBC}") = "DQ.OD.DBProvider", "DQ.OD.DBProvider\DQ.OD.DBProvider.csproj", "{BA57E7D7-24B5-4549-8B6A-BEF9D93667E0}"
	ProjectSection(ProjectDependencies) = postProject
		{0542C045-31CB-4C0C-BBFB-8B4EFBC76609} = {0542C045-31CB-4C0C-BBFB-8B4EFBC76609}
	EndProjectSection
EndProject
Project("{8BC9CEB8-8B4A-11D0-8D11-00A0C91BC942}") = "DQ.User.Test", "DQ.User.Test\DQ.User.Test.vcxproj", "{444D3BD1-266E-42A6-9D46-50D67B2393BC}"
	ProjectSection(ProjectDependencies) = postProject
		{E2407D4B-B13F-4350-8E93-A662F8BAF562} = {E2407D4B-B13F-4350-8E93-A662F8BAF562}
	EndProjectSection
EndProject
Global
	GlobalSection(SolutionConfigurationPlatforms) = preSolution
		Debug|Any CPU = Debug|Any CPU
		Debug|x64 = Debug|x64
		Debug|x86 = Debug|x86
		Release|Any CPU = Release|Any CPU
		Release|x64 = Release|x64
		Release|x86 = Release|x86
	EndGlobalSection
	GlobalSection(ProjectConfigurationPlatforms) = postSolution
		{E2407D4B-B13F-4350-8E93-A662F8BAF562}.Debug|Any CPU.ActiveCfg = Debug|Win32
		{E2407D4B-B13F-4350-8E93-A662F8BAF562}.Debug|x64.ActiveCfg = Debug|x64
		{E2407D4B-B13F-4350-8E93-A662F8BAF562}.Debug|x64.Build.0 = Debug|x64
		{E2407D4B-B13F-4350-8E93-A662F8BAF562}.Debug|x86.ActiveCfg = Debug|Win32
		{E2407D4B-B13F-4350-8E93-A662F8BAF562}.Debug|x86.Build.0 = Debug|Win32
		{E2407D4B-B13F-4350-8E93-A662F8BAF562}.Release|Any CPU.ActiveCfg = Release|Win32
		{E2407D4B-B13F-4350-8E93-A662F8BAF562}.Release|x64.ActiveCfg = Release|x64
		{E2407D4B-B13F-4350-8E93-A662F8BAF562}.Release|x64.Build.0 = Release|x64
		{E2407D4B-B13F-4350-8E93-A662F8BAF562}.Release|x86.ActiveCfg = Release|Win32
		{E2407D4B-B13F-4350-8E93-A662F8BAF562}.Release|x86.Build.0 = Release|Win32
		{0542C045-31CB-4C0C-BBFB-8B4EFBC76609}.Debug|Any CPU.ActiveCfg = Debug|x64
		{0542C045-31CB-4C0C-BBFB-8B4EFBC76609}.Debug|Any CPU.Build.0 = Debug|x64
		{0542C045-31CB-4C0C-BBFB-8B4EFBC76609}.Debug|x64.ActiveCfg = Debug|x64
		{0542C045-31CB-4C0C-BBFB-8B4EFBC76609}.Debug|x64.Build.0 = Debug|x64
		{0542C045-31CB-4C0C-BBFB-8B4EFBC76609}.Debug|x86.ActiveCfg = Debug|x86
		{0542C045-31CB-4C0C-BBFB-8B4EFBC76609}.Debug|x86.Build.0 = Debug|x86
		{0542C045-31CB-4C0C-BBFB-8B4EFBC76609}.Release|Any CPU.ActiveCfg = Release|x86
		{0542C045-31CB-4C0C-BBFB-8B4EFBC76609}.Release|x64.ActiveCfg = Release|x64
		{0542C045-31CB-4C0C-BBFB-8B4EFBC76609}.Release|x64.Build.0 = Release|x64
		{0542C045-31CB-4C0C-BBFB-8B4EFBC76609}.Release|x86.ActiveCfg = Release|x86
		{0542C045-31CB-4C0C-BBFB-8B4EFBC76609}.Release|x86.Build.0 = Release|x86
		{2EE70727-A21B-401A-A5B9-034D2FC55222}.Debug|Any CPU.ActiveCfg = Debug|Win32
		{2EE70727-A21B-401A-A5B9-034D2FC55222}.Debug|x64.ActiveCfg = Debug|x64
		{2EE70727-A21B-401A-A5B9-034D2FC55222}.Debug|x64.Build.0 = Debug|x64
		{2EE70727-A21B-401A-A5B9-034D2FC55222}.Debug|x86.ActiveCfg = Debug|Win32
		{2EE70727-A21B-401A-A5B9-034D2FC55222}.Debug|x86.Build.0 = Debug|Win32
		{2EE70727-A21B-401A-A5B9-034D2FC55222}.Release|Any CPU.ActiveCfg = Release|Win32
		{2EE70727-A21B-401A-A5B9-034D2FC55222}.Release|x64.ActiveCfg = Release|x64
		{2EE70727-A21B-401A-A5B9-034D2FC55222}.Release|x64.Build.0 = Release|x64
		{2EE70727-A21B-401A-A5B9-034D2FC55222}.Release|x86.ActiveCfg = Release|Win32
		{2EE70727-A21B-401A-A5B9-034D2FC55222}.Release|x86.Build.0 = Release|Win32
		{BA57E7D7-24B5-4549-8B6A-BEF9D93667E0}.Debug|Any CPU.ActiveCfg = Debug|Any CPU
		{BA57E7D7-24B5-4549-8B6A-BEF9D93667E0}.Debug|Any CPU.Build.0 = Debug|Any CPU
		{BA57E7D7-24B5-4549-8B6A-BEF9D93667E0}.Debug|x64.ActiveCfg = Debug|x64
		{BA57E7D7-24B5-4549-8B6A-BEF9D93667E0}.Debug|x64.Build.0 = Debug|x64
		{BA57E7D7-24B5-4549-8B6A-BEF9D93667E0}.Debug|x86.ActiveCfg = Debug|x86
		{BA57E7D7-24B5-4549-8B6A-BEF9D93667E0}.Debug|x86.Build.0 = Debug|x86
		{BA57E7D7-24B5-4549-8B6A-BEF9D93667E0}.Release|Any CPU.ActiveCfg = Release|Any CPU
		{BA57E7D7-24B5-4549-8B6A-BEF9D93667E0}.Release|Any CPU.Build.0 = Release|Any CPU
		{BA57E7D7-24B5-4549-8B6A-BEF9D93667E0}.Release|x64.ActiveCfg = Release|x64
		{BA57E7D7-24B5-4549-8B6A-BEF9D93667E0}.Release|x64.Build.0 = Release|x64
		{BA57E7D7-24B5-4549-8B6A-BEF9D93667E0}.Release|x86.ActiveCfg = Release|x86
		{BA57E7D7-24B5-4549-8B6A-BEF9D93667E0}.Release|x86.Build.0 = Release|x86
		{444D3BD1-266E-42A6-9D46-50D67B2393BC}.Debug|Any CPU.ActiveCfg = Debug|Win32
		{444D3BD1-266E-42A6-9D46-50D67B2393BC}.Debug|x64.ActiveCfg = Debug|x64
		{444D3BD1-266E-42A6-9D46-50D67B2393BC}.Debug|x64.Build.0 = Debug|x64
		{444D3BD1-266E-42A6-9D46-50D67B2393BC}.Debug|x86.ActiveCfg = Debug|Win32
		{444D3BD1-266E-42A6-9D46-50D67B2393BC}.Debug|x86.Build.0 = Debug|Win32
		{444D3BD1-266E-42A6-9D46-50D67B2393BC}.Release|Any CPU.ActiveCfg = Release|Win32
		{444D3BD1-266E-42A6-9D46-50D67B2393BC}.Release|x64.ActiveCfg = Release|x64
		{444D3BD1-266E-42A6-9D46-50D67B2393BC}.Release|x64.Build.0 = Release|x64
		{444D3BD1-266E-42A6-9D46-50D67B2393BC}.Release|x86.ActiveCfg = Release|Win32
		{444D3BD1-266E-42A6-9D46-50D67B2393BC}.Release|x86.Build.0 = Release|Win32
	EndGlobalSection
	GlobalSection(SolutionProperties) = preSolution
		HideSolutionNode = FALSE
	EndGlobalSection
EndGlobal
